
Microsoft Visual Studio Solution File, Format Version 12.00
# Visual Studio Version 17
VisualStudioVersion = 17.8.34309.116
MinimumVisualStudioVersion = 10.0.40219.1
Project("{FAE04EC0-301F-11D3-BF4B-00C04F79EFBC}") = "ProductCrudFormRDLC", "ProductCrudFormRDLC\ProductCrudFormRDLC.csproj", "{810CFDA5-EDBA-4AE3-B7E4-69C1D367651D}"
EndProject
Global
	GlobalSection(SolutionConfigurationPlatforms) = preSolution
		Debug|Any CPU = Debug|Any CPU
		Release|Any CPU = Release|Any CPU
	EndGlobalSection
	GlobalSection(ProjectConfigurationPlatforms) = postSolution
		{810CFDA5-EDBA-4AE3-B7E4-69C1D367651D}.Debug|Any CPU.ActiveCfg = Debug|Any CPU
		{810CFDA5-EDBA-4AE3-B7E4-69C1D367651D}.Debug|Any CPU.Build.0 = Debug|Any CPU
		{810CFDA5-EDBA-4AE3-B7E4-69C1D367651D}.Release|Any CPU.ActiveCfg = Release|Any CPU
		{810CFDA5-EDBA-4AE3-B7E4-69C1D367651D}.Release|Any CPU.Build.0 = Release|Any CPU
	EndGlobalSection
	GlobalSection(SolutionProperties) = preSolution
		HideSolutionNode = FALSE
	EndGlobalSection
	GlobalSection(ExtensibilityGlobals) = postSolution
		SolutionGuid = {7E25B6A7-8C3E-4355-AD8C-2ECF86A87CEC}
	EndGlobalSection
EndGlobal
